
Microsoft Visual Studio Solution File, Format Version 12.00
# Visual Studio Version 17
VisualStudioVersion = 17.4.33110.190
MinimumVisualStudioVersion = 10.0.40219.1
Project("{9A19103F-16F7-4668-BE54-9A1E7A4F7556}") = "KonicaTracking", "KonicaTracking.csproj", "{7D0546B0-679F-465E-A023-C9CE270F98A0}"
EndProject
Project("{FAE04EC0-301F-11D3-BF4B-00C04F79EFBC}") = "TestProject", "..\TestProject\TestProject.csproj", "{D227CBA2-81B5-49D1-B273-A03D73919F2F}"
EndProject
Global
	GlobalSection(SolutionConfigurationPlatforms) = preSolution
		Debug|Any CPU = Debug|Any CPU
		Release|Any CPU = Release|Any CPU
	EndGlobalSection
	GlobalSection(ProjectConfigurationPlatforms) = postSolution
		{7D0546B0-679F-465E-A023-C9CE270F98A0}.Debug|Any CPU.ActiveCfg = Debug|Any CPU
		{7D0546B0-679F-465E-A023-C9CE270F98A0}.Debug|Any CPU.Build.0 = Debug|Any CPU
		{7D0546B0-679F-465E-A023-C9CE270F98A0}.Release|Any CPU.ActiveCfg = Release|Any CPU
		{7D0546B0-679F-465E-A023-C9CE270F98A0}.Release|Any CPU.Build.0 = Release|Any CPU
		{D227CBA2-81B5-49D1-B273-A03D73919F2F}.Debug|Any CPU.ActiveCfg = Debug|Any CPU
		{D227CBA2-81B5-49D1-B273-A03D73919F2F}.Debug|Any CPU.Build.0 = Debug|Any CPU
		{D227CBA2-81B5-49D1-B273-A03D73919F2F}.Release|Any CPU.ActiveCfg = Release|Any CPU
		{D227CBA2-81B5-49D1-B273-A03D73919F2F}.Release|Any CPU.Build.0 = Release|Any CPU
	EndGlobalSection
	GlobalSection(SolutionProperties) = preSolution
		HideSolutionNode = FALSE
	EndGlobalSection
	GlobalSection(ExtensibilityGlobals) = postSolution
		SolutionGuid = {BC452AB8-9C61-4018-A8E3-C9A9D5C25A7A}
	EndGlobalSection
EndGlobal
